
Microsoft Visual Studio Solution File, Format Version 12.00
# Visual Studio Version 16
VisualStudioVersion = 16.0.30907.101
MinimumVisualStudioVersion = 10.0.40219.1
Project("{FAE04EC0-301F-11D3-BF4B-00C04F79EFBC}") = "Assignment_NRDCL", "Assignment_NRDCL.csproj", "{1828C4ED-414B-4910-BFC0-AEDB2B819FFF}"
EndProject
Global
	GlobalSection(SolutionConfigurationPlatforms) = preSolution
		Debug|Any CPU = Debug|Any CPU
		Release|Any CPU = Release|Any CPU
	EndGlobalSection
	GlobalSection(ProjectConfigurationPlatforms) = postSolution
		{1828C4ED-414B-4910-BFC0-AEDB2B819FFF}.Debug|Any CPU.ActiveCfg = Debug|Any CPU
		{1828C4ED-414B-4910-BFC0-AEDB2B819FFF}.Debug|Any CPU.Build.0 = Debug|Any CPU
		{1828C4ED-414B-4910-BFC0-AEDB2B819FFF}.Release|Any CPU.ActiveCfg = Release|Any CPU
		{1828C4ED-414B-4910-BFC0-AEDB2B819FFF}.Release|Any CPU.Build.0 = Release|Any CPU
	EndGlobalSection
	GlobalSection(SolutionProperties) = preSolution
		HideSolutionNode = FALSE
	EndGlobalSection
	GlobalSection(ExtensibilityGlobals) = postSolution
		SolutionGuid = {175CD13C-0886-453F-817A-A25A77B60D25}
	EndGlobalSection
EndGlobal
